# This file is automatically @generated by Cargo.
# It is not intended for manual editing.
version = 4

[[package]]
name = "cafft"
version = "0.1.1"
source = "git+https://github.com/nanithefkuc/cafft.git?rev=ce8f42af56521e86b73a0bf90affa1caf1363f75#ce8f42af56521e86b73a0bf90affa1caf1363f75"
dependencies = [
 "fff",
]

[[package]]
name = "fff"
version = "0.1.1"
source = "git+https://github.com/nanithefkuc/fff.git#d138202bc251cab007567d3b463dacea39c4feea"

[[package]]
name = "gs-engine"
version = "0.1.0"
dependencies = [
 "cafft",
 "fff",
]
